---
lockVersion: 1.0.0
dependencies:
  codeql/controlflow:
    version: 2.0.24
  codeql/cpp-all:
    version: 7.0.0
  codeql/dataflow:
    version: 2.0.24
  codeql/mad:
    version: 1.0.40
  codeql/quantum:
    version: 0.0.18
  codeql/rangeanalysis:
    version: 1.0.40
  codeql/ssa:
    version: 2.0.16
  codeql/suite-helpers:
    version: 1.0.40
  codeql/tutorial:
    version: 1.0.40
  codeql/typeflow:
    version: 1.0.40
  codeql/typetracking:
    version: 2.0.24
  codeql/util:
    version: 2.0.27
  codeql/xml:
    version: 1.0.40
  microsoft/cpp-queries:
    version: 0.0.5
compiled: false
