---
lockVersion: 1.0.0
dependencies:
  codeql/cpp-all:
    version: 0.12.1
  codeql/cpp-queries:
    version: 0.9.0
  codeql/dataflow:
    version: 0.1.4
  codeql/rangeanalysis:
    version: 0.0.3
  codeql/ssa:
    version: 0.2.4
  codeql/suite-helpers:
    version: 0.7.4
  codeql/tutorial:
    version: 0.2.4
  codeql/typetracking:
    version: 0.2.4
  codeql/util:
    version: 0.2.4
compiled: false
